{
  "version": 4,
  "terraform_version": "1.9.3",
  "serial": 3,
  "lineage": "5b84f840-2c90-da36-a3e9-5c82796f5724",
  "outputs": {},
  "resources": [
    {
      "mode": "managed",
      "type": "google_container_cluster",
      "name": "shortlet-cluster",
      "provider": "provider[\"registry.terraform.io/hashicorp/google\"]",
      "instances": [
        {
          "status": "tainted",
          "schema_version": 2,
          "attributes": {
            "addons_config": [
              {
                "cloudrun_config": [],
                "config_connector_config": [],
                "dns_cache_config": [
                  {
                    "enabled": true
                  }
                ],
                "gce_persistent_disk_csi_driver_config": [
                  {
                    "enabled": true
                  }
                ],
                "gcp_filestore_csi_driver_config": [
                  {
                    "enabled": true
                  }
                ],
                "gcs_fuse_csi_driver_config": [
                  {
                    "enabled": true
                  }
                ],
                "gke_backup_agent_config": [],
                "horizontal_pod_autoscaling": [],
                "http_load_balancing": [],
                "network_policy_config": [
                  {
                    "disabled": true
                  }
                ],
                "ray_operator_config": [],
                "stateful_ha_config": [
                  {
                    "enabled": true
                  }
                ]
              }
            ],
            "allow_net_admin": null,
            "authenticator_groups_config": [],
            "binary_authorization": [
              {
                "enabled": false,
                "evaluation_mode": ""
              }
            ],
            "cluster_autoscaling": [
              {
                "auto_provisioning_defaults": [
                  {
                    "boot_disk_kms_key": "",
                    "disk_size": 0,
                    "disk_type": "",
                    "image_type": "COS_CONTAINERD",
                    "management": [
                      {
                        "auto_repair": true,
                        "auto_upgrade": true,
                        "upgrade_options": []
                      }
                    ],
                    "min_cpu_platform": "",
                    "oauth_scopes": [
                      "https://www.googleapis.com/auth/devstorage.read_only",
                      "https://www.googleapis.com/auth/logging.write",
                      "https://www.googleapis.com/auth/monitoring",
                      "https://www.googleapis.com/auth/service.management.readonly",
                      "https://www.googleapis.com/auth/servicecontrol",
                      "https://www.googleapis.com/auth/trace.append"
                    ],
                    "service_account": "default",
                    "shielded_instance_config": [],
                    "upgrade_settings": [
                      {
                        "blue_green_settings": [],
                        "max_surge": 1,
                        "max_unavailable": 0,
                        "strategy": "SURGE"
                      }
                    ]
                  }
                ],
                "auto_provisioning_locations": [],
                "autoscaling_profile": "OPTIMIZE_UTILIZATION",
                "enabled": true,
                "resource_limits": [
                  {
                    "maximum": 1000000000,
                    "minimum": 0,
                    "resource_type": "cpu"
                  },
                  {
                    "maximum": 1000000000,
                    "minimum": 0,
                    "resource_type": "memory"
                  },
                  {
                    "maximum": 1000000000,
                    "minimum": 0,
                    "resource_type": "nvidia-tesla-t4"
                  },
                  {
                    "maximum": 1000000000,
                    "minimum": 0,
                    "resource_type": "nvidia-tesla-a100"
                  }
                ]
              }
            ],
            "cluster_ipv4_cidr": "10.52.128.0/17",
            "confidential_nodes": [],
            "cost_management_config": [],
            "database_encryption": null,
            "datapath_provider": "ADVANCED_DATAPATH",
            "default_max_pods_per_node": 110,
            "default_snat_status": [
              {
                "disabled": false
              }
            ],
            "deletion_protection": false,
            "description": "",
            "dns_config": [],
            "effective_labels": {
              "goog-terraform-provisioned": "true"
            },
            "enable_autopilot": true,
            "enable_cilium_clusterwide_network_policy": false,
            "enable_intranode_visibility": true,
            "enable_k8s_beta_apis": [],
            "enable_kubernetes_alpha": false,
            "enable_l4_ilb_subsetting": false,
            "enable_legacy_abac": false,
            "enable_multi_networking": false,
            "enable_shielded_nodes": true,
            "enable_tpu": false,
            "endpoint": "104.198.197.53",
            "fleet": [],
            "gateway_api_config": null,
            "id": "projects/impactful-shard-429011-e7/locations/us-central1/clusters/shortlet-cluster",
            "identity_service_config": null,
            "initial_node_count": 0,
            "ip_allocation_policy": null,
            "label_fingerprint": null,
            "location": "us-central1",
            "logging_config": null,
            "logging_service": "logging.googleapis.com/kubernetes",
            "maintenance_policy": [],
            "master_auth": [
              {
                "client_certificate": "",
                "client_certificate_config": [
                  {
                    "issue_client_certificate": false
                  }
                ],
                "client_key": "",
                "cluster_ca_certificate": "LS0tLS1CRUdJTiBDRVJUSUZJQ0FURS0tLS0tCk1JSUVMVENDQXBXZ0F3SUJBZ0lSQUozV2tINHdRazh3ckdaM2c3YThUdFV3RFFZSktvWklodmNOQVFFTEJRQXcKTHpFdE1Dc0dBMVVFQXhNa1pEVmtOalF4TmpjdE16TTBaQzAwTUdVekxUZzJNak10TUdNd05qTmpOREF6WW1NMQpNQ0FYRFRJME1Ea3dNakV3TXpNek1Gb1lEekl3TlRRd09ESTJNVEV6TXpNd1dqQXZNUzB3S3dZRFZRUURFeVJrCk5XUTJOREUyTnkwek16UmtMVFF3WlRNdE9EWXlNeTB3WXpBMk0yTTBNRE5pWXpVd2dnR2lNQTBHQ1NxR1NJYjMKRFFFQkFRVUFBNElCandBd2dnR0tBb0lCZ1FDOXhDdFdBanI5bVZqMGlQYU5EbnlzNGx2K0lHSnhrbmhhc3cvWgpya3h5OHJuN24zeldGZjRTSzZrb3pKRHVzQlJZVU1NR0FkeFM0M29zV0Q4N3E4eU1USUtweTlNckc2MVhNWTg1ClBxOWk0YWVPQjdYZjRNdFNpUmZGeHlLckpac0VBU01yU0R3c29ab1NjVlV2SWR6OE1QTUE2b2lNaWxlUlppQjEKckpweG5PWDJKQ0YxekxGWFVDZno0eVo5YWZNc2JoNjhnai94cEQ4enE1Qnk3M1ExYlMzUmRxcUwvajJLQ3RrLwpGUVRQNmZjQVFZUURhOElJL2NTV1VVamVtL3BZRmNkdmJYT0VEa3BZVFdMTTNWMkQ3Y3pGblU4V0hMMU9UaEs0Ck55UDhoYjdOOTRyM3UxRnl4V1VrUFdQZFcvQldOOFdXUHhPY3FrNHRBUUNzTUh2cHBPbTFFdHVRbEpYN0dnQ2EKQ1dCaTBwTXE2MlNiUEZEY201N1VrdnVsa255R0NjRFBwYVVQb3d6eTRpc1pXZmhGOXI2MlR2cHUrUmR5R2l4cApxU2w4ZXZ5QUVydkFCRzdVN1pPdEhIRHhxbzgyN3FzMGVJenJLNXZ5K241am1BVTlsRmhZZm1Sb1NGZEJLWTNmClRGUjNsbnkzOGVtRHA2Z2hUMmpKRm5YSzk3MENBd0VBQWFOQ01FQXdEZ1lEVlIwUEFRSC9CQVFEQWdJRU1BOEcKQTFVZEV3RUIvd1FGTUFNQkFmOHdIUVlEVlIwT0JCWUVGTWNZQjA3RWZwNUZZeWNRRG90R1ByNGNBbUNmTUEwRwpDU3FHU0liM0RRRUJDd1VBQTRJQmdRQUdUekF0SDZhQ1ROTkRkWDg1dEQxMjE5eG9HSjZzNXdhN3JqZDZick9ICkM3WVNVTzgxd1BqRzhYSzg4UHhyMmtQMG9JYkh1UzRZb1ZuaGQ5ZXNoVnZPVmRtVmtVNndrbVROQnRBWUQwTzgKTWlxTUtzM0F2Um1QVHRmZ2NKcTRtUlZoZDJycWgxdUxGYzMyT2x3V0dCcHBaelUwOXRITk9mdE5Wb2hXd045SgprTHlCdi9EcjZVaHBvaUpWN3U0VzJBRHRXaU5EcWgweURQRyt0UkpHblk5dCt2dWgyZFpCMTJoMlBkakxNSmtyCkIvQlY1akxEbmZocCsxcXNIWFkrL05vUXFYOWJoVEwweFZvU1FWSjREeDdVbndvY3c2cWgzeFRBYVNUU2ZIcE4KdFBJT0RnUnZUandkV0RsWm5TWkl4SDV0QmJUbnFNTGZXQy8xeHV4UzBLOUlORzN6bzdUdlV6MzljNmo4dTd5RQp4aVozUHp2d09VU2pVblZOa3hLZHROb1VWNEUvSTVsOXJhSVQvdVJQMVF3bSt6cnJyOXZDL0M2NWxySDhFWmZyCll4cVFlbDQyMjFQdVVOYlVQNjM3dUpFeFg5bmtBTFlMMktZdFJvME54UVVsOVlZWVBhQXQxQkJ4LzEyajF2d1QKTXFGY3VNTmkrRmZ3d1NpT2UyckgrUTQ9Ci0tLS0tRU5EIENFUlRJRklDQVRFLS0tLS0K"
              }
            ],
            "master_authorized_networks_config": [],
            "master_version": "1.29.7-gke.1104000",
            "mesh_certificates": null,
            "min_master_version": null,
            "monitoring_config": null,
            "monitoring_service": "monitoring.googleapis.com/kubernetes",
            "name": "shortlet-cluster",
            "network": "projects/impactful-shard-429011-e7/global/networks/default",
            "network_policy": [
              {
                "enabled": false,
                "provider": "PROVIDER_UNSPECIFIED"
              }
            ],
            "networking_mode": "VPC_NATIVE",
            "node_config": [
              {
                "advanced_machine_features": [],
                "boot_disk_kms_key": "",
                "confidential_nodes": [],
                "containerd_config": [],
                "disk_size_gb": 100,
                "disk_type": "pd-balanced",
                "effective_taints": [
                  {
                    "effect": "NO_SCHEDULE",
                    "key": "cloud.google.com/gke-quick-remove",
                    "value": "true"
                  }
                ],
                "enable_confidential_storage": false,
                "ephemeral_storage_local_ssd_config": [],
                "fast_socket": [],
                "gcfs_config": [],
                "guest_accelerator": [],
                "gvnic": [],
                "host_maintenance_policy": [],
                "image_type": "COS_CONTAINERD",
                "kubelet_config": [],
                "labels": {},
                "linux_node_config": [],
                "local_nvme_ssd_block_config": [],
                "local_ssd_count": 0,
                "logging_variant": "DEFAULT",
                "machine_type": "e2-small",
                "metadata": {
                  "disable-legacy-endpoints": "true"
                },
                "min_cpu_platform": "",
                "node_group": "",
                "oauth_scopes": [
                  "https://www.googleapis.com/auth/devstorage.read_only",
                  "https://www.googleapis.com/auth/logging.write",
                  "https://www.googleapis.com/auth/monitoring",
                  "https://www.googleapis.com/auth/service.management.readonly",
                  "https://www.googleapis.com/auth/servicecontrol",
                  "https://www.googleapis.com/auth/trace.append"
                ],
                "preemptible": false,
                "reservation_affinity": [
                  {
                    "consume_reservation_type": "NO_RESERVATION",
                    "key": "",
                    "values": []
                  }
                ],
                "resource_labels": {},
                "resource_manager_tags": {},
                "secondary_boot_disks": [],
                "service_account": "default",
                "shielded_instance_config": [
                  {
                    "enable_integrity_monitoring": true,
                    "enable_secure_boot": true
                  }
                ],
                "sole_tenant_config": [],
                "spot": false,
                "tags": [],
                "taint": [],
                "workload_metadata_config": [
                  {
                    "mode": "GKE_METADATA"
                  }
                ]
              }
            ],
            "node_locations": [
              "us-central1-a",
              "us-central1-b",
              "us-central1-c",
              "us-central1-f"
            ],
            "node_pool": null,
            "node_pool_auto_config": null,
            "node_pool_defaults": null,
            "node_version": "1.29.7-gke.1104000",
            "notification_config": [
              {
                "pubsub": [
                  {
                    "enabled": false,
                    "filter": [],
                    "topic": ""
                  }
                ]
              }
            ],
            "operation": null,
            "private_cluster_config": [],
            "private_ipv6_google_access": "",
            "project": "impactful-shard-429011-e7",
            "release_channel": [
              {
                "channel": "REGULAR"
              }
            ],
            "remove_default_node_pool": null,
            "resource_labels": null,
            "resource_usage_export_config": [],
            "security_posture_config": null,
            "self_link": "https://container.googleapis.com/v1/projects/impactful-shard-429011-e7/locations/us-central1/clusters/shortlet-cluster",
            "service_external_ips_config": null,
            "services_ipv4_cidr": "34.118.224.0/20",
            "subnetwork": "projects/impactful-shard-429011-e7/regions/us-central1/subnetworks/default",
            "terraform_labels": {
              "goog-terraform-provisioned": "true"
            },
            "timeouts": null,
            "tpu_ipv4_cidr_block": "",
            "vertical_pod_autoscaling": null,
            "workload_identity_config": null
          },
          "sensitive_attributes": [
            [
              {
                "type": "get_attr",
                "value": "master_auth"
              },
              {
                "type": "index",
                "value": {
                  "value": 0,
                  "type": "number"
                }
              },
              {
                "type": "get_attr",
                "value": "client_key"
              }
            ]
          ],
          "private": "eyJlMmJmYjczMC1lY2FhLTExZTYtOGY4OC0zNDM2M2JjN2M0YzAiOnsiY3JlYXRlIjoyNDAwMDAwMDAwMDAwLCJkZWxldGUiOjI0MDAwMDAwMDAwMDAsInJlYWQiOjI0MDAwMDAwMDAwMDAsInVwZGF0ZSI6MzYwMDAwMDAwMDAwMH0sInNjaGVtYV92ZXJzaW9uIjoiMiJ9"
        }
      ]
    }
  ],
  "check_results": null
}
